// !$*UTF8*$!
{
	archiveVersion = 1;
	classes = {
	};
	objectVersion = 45;
	objects = {

/* Begin PBXBuildFile section */
		1D3623260D0F684500981E51 /* EvOAppDelegate.m in Sources */ = {isa = PBXBuildFile; fileRef = 1D3623250D0F684500981E51 /* EvOAppDelegate.m */; };
		1D60589B0D05DD56006BFB54 /* main.m in Sources */ = {isa = PBXBuildFile; fileRef = 29B97316FDCFA39411CA2CEA /* main.m */; };
		1D60589F0D05DD5A006BFB54 /* Foundation.framework in Frameworks */ = {isa = PBXBuildFile; fileRef = 1D30AB110D05D00D00671497 /* Foundation.framework */; };
		1DF5F4E00D08C38300B7A737 /* UIKit.framework in Frameworks */ = {isa = PBXBuildFile; fileRef = 1DF5F4DF0D08C38300B7A737 /* UIKit.framework */; };
		288765FD0DF74451002DB57D /* CoreGraphics.framework in Frameworks */ = {isa = PBXBuildFile; fileRef = 288765FC0DF74451002DB57D /* CoreGraphics.framework */; };
		95B1E9D70EDD9452006F6C33 /* libPinchAnalytics.a in Frameworks */ = {isa = PBXBuildFile; fileRef = 95B1E9D60EDD9452006F6C33 /* libPinchAnalytics.a */; };
		95B1E9DE0EDD9531006F6C33 /* SystemConfiguration.framework in Frameworks */ = {isa = PBXBuildFile; fileRef = 95B1E9DD0EDD9531006F6C33 /* SystemConfiguration.framework */; };
		95B1E9E00EDD9544006F6C33 /* CoreLocation.framework in Frameworks */ = {isa = PBXBuildFile; fileRef = 95B1E9DF0EDD9544006F6C33 /* CoreLocation.framework */; };
		BE112B820E9F95B100A05713 /* ICON_circle_BLUE.png in Resources */ = {isa = PBXBuildFile; fileRef = BE112B710E9F95B100A05713 /* ICON_circle_BLUE.png */; };
		BE112B830E9F95B100A05713 /* ICON_circle_GREEN.png in Resources */ = {isa = PBXBuildFile; fileRef = BE112B720E9F95B100A05713 /* ICON_circle_GREEN.png */; };
		BE112B840E9F95B100A05713 /* ICON_circle_RED.png in Resources */ = {isa = PBXBuildFile; fileRef = BE112B730E9F95B100A05713 /* ICON_circle_RED.png */; };
		BE112B850E9F95B100A05713 /* ICON_circle_YELLOW.png in Resources */ = {isa = PBXBuildFile; fileRef = BE112B740E9F95B100A05713 /* ICON_circle_YELLOW.png */; };
		BE112B860E9F95B100A05713 /* ICON_cross_BLUE.png in Resources */ = {isa = PBXBuildFile; fileRef = BE112B750E9F95B100A05713 /* ICON_cross_BLUE.png */; };
		BE112B870E9F95B100A05713 /* ICON_cross_GREEN.png in Resources */ = {isa = PBXBuildFile; fileRef = BE112B760E9F95B100A05713 /* ICON_cross_GREEN.png */; };
		BE112B880E9F95B100A05713 /* ICON_cross_RED.png in Resources */ = {isa = PBXBuildFile; fileRef = BE112B770E9F95B100A05713 /* ICON_cross_RED.png */; };
		BE112B890E9F95B100A05713 /* ICON_cross_YELLOW.png in Resources */ = {isa = PBXBuildFile; fileRef = BE112B780E9F95B100A05713 /* ICON_cross_YELLOW.png */; };
		BE112B8A0E9F95B100A05713 /* ICON_square_BLUE.png in Resources */ = {isa = PBXBuildFile; fileRef = BE112B790E9F95B100A05713 /* ICON_square_BLUE.png */; };
		BE112B8B0E9F95B100A05713 /* ICON_square_GREEN.png in Resources */ = {isa = PBXBuildFile; fileRef = BE112B7A0E9F95B100A05713 /* ICON_square_GREEN.png */; };
		BE112B8C0E9F95B100A05713 /* ICON_square_RED.png in Resources */ = {isa = PBXBuildFile; fileRef = BE112B7B0E9F95B100A05713 /* ICON_square_RED.png */; };
		BE112B8D0E9F95B100A05713 /* ICON_square_YELLOW.png in Resources */ = {isa = PBXBuildFile; fileRef = BE112B7C0E9F95B100A05713 /* ICON_square_YELLOW.png */; };
		BE112B8E0E9F95B100A05713 /* ICON_tri_BLUE.png in Resources */ = {isa = PBXBuildFile; fileRef = BE112B7D0E9F95B100A05713 /* ICON_tri_BLUE.png */; };
		BE112B8F0E9F95B100A05713 /* ICON_tri_GREEN.png in Resources */ = {isa = PBXBuildFile; fileRef = BE112B7E0E9F95B100A05713 /* ICON_tri_GREEN.png */; };
		BE112B900E9F95B100A05713 /* ICON_tri_RED.png in Resources */ = {isa = PBXBuildFile; fileRef = BE112B7F0E9F95B100A05713 /* ICON_tri_RED.png */; };
		BE112B910E9F95B100A05713 /* ICON_tri_YELLOW.png in Resources */ = {isa = PBXBuildFile; fileRef = BE112B800E9F95B100A05713 /* ICON_tri_YELLOW.png */; };
		BE112B920E9F95B100A05713 /* ICON_X_MUTATION.png in Resources */ = {isa = PBXBuildFile; fileRef = BE112B810E9F95B100A05713 /* ICON_X_MUTATION.png */; };
		BE112B970E9F964200A05713 /* NSPiece.m in Sources */ = {isa = PBXBuildFile; fileRef = BE112B960E9F964200A05713 /* NSPiece.m */; };
		BE112BA40E9F9E2D00A05713 /* board.png in Resources */ = {isa = PBXBuildFile; fileRef = BE112BA30E9F9E2D00A05713 /* board.png */; };
		BE1779490E9BE57D006FC323 /* MainWindow.xib in Resources */ = {isa = PBXBuildFile; fileRef = BE1779480E9BE57D006FC323 /* MainWindow.xib */; };
		BE17794D0E9BE5A8006FC323 /* MainViewController.m in Sources */ = {isa = PBXBuildFile; fileRef = BE17794C0E9BE5A8006FC323 /* MainViewController.m */; };
		BE17795B0E9BE872006FC323 /* Default.png in Resources */ = {isa = PBXBuildFile; fileRef = BE17795A0E9BE872006FC323 /* Default.png */; };
		BE17795E0E9BE8DD006FC323 /* icon.png in Resources */ = {isa = PBXBuildFile; fileRef = BE17795D0E9BE8DD006FC323 /* icon.png */; };
		BE8729970EB5D1770034883D /* click.caf in Resources */ = {isa = PBXBuildFile; fileRef = BE8729910EB5D1770034883D /* click.caf */; };
		BE8729980EB5D1770034883D /* lose.caf in Resources */ = {isa = PBXBuildFile; fileRef = BE8729920EB5D1770034883D /* lose.caf */; };
		BE87299B0EB5D1770034883D /* tone.caf in Resources */ = {isa = PBXBuildFile; fileRef = BE8729950EB5D1770034883D /* tone.caf */; };
		BE87299C0EB5D1770034883D /* x2.caf in Resources */ = {isa = PBXBuildFile; fileRef = BE8729960EB5D1770034883D /* x2.caf */; };
		BE8729BE0EB5D22F0034883D /* button_1_off.png in Resources */ = {isa = PBXBuildFile; fileRef = BE8729B60EB5D22F0034883D /* button_1_off.png */; };
		BE8729BF0EB5D22F0034883D /* button_1_on.png in Resources */ = {isa = PBXBuildFile; fileRef = BE8729B70EB5D22F0034883D /* button_1_on.png */; };
		BE8729C00EB5D22F0034883D /* button_2_off.png in Resources */ = {isa = PBXBuildFile; fileRef = BE8729B80EB5D22F0034883D /* button_2_off.png */; };
		BE8729C10EB5D22F0034883D /* button_2_on.png in Resources */ = {isa = PBXBuildFile; fileRef = BE8729B90EB5D22F0034883D /* button_2_on.png */; };
		BE8729C20EB5D22F0034883D /* button_3_off.png in Resources */ = {isa = PBXBuildFile; fileRef = BE8729BA0EB5D22F0034883D /* button_3_off.png */; };
		BE8729C30EB5D22F0034883D /* button_3_on.png in Resources */ = {isa = PBXBuildFile; fileRef = BE8729BB0EB5D22F0034883D /* button_3_on.png */; };
		BE8729C40EB5D22F0034883D /* button_4_off.png in Resources */ = {isa = PBXBuildFile; fileRef = BE8729BC0EB5D22F0034883D /* button_4_off.png */; };
		BE8729C50EB5D22F0034883D /* button_4_on.png in Resources */ = {isa = PBXBuildFile; fileRef = BE8729BD0EB5D22F0034883D /* button_4_on.png */; };
		BE8729CC0EB5D4410034883D /* AudioFX.m in Sources */ = {isa = PBXBuildFile; fileRef = BE8729CB0EB5D4410034883D /* AudioFX.m */; };
		BE8729D40EB5D4950034883D /* AudioToolbox.framework in Frameworks */ = {isa = PBXBuildFile; fileRef = BE8729D30EB5D4950034883D /* AudioToolbox.framework */; };
		BE872A4A0EB5DBC40034883D /* slide.caf in Resources */ = {isa = PBXBuildFile; fileRef = BE872A490EB5DBC40034883D /* slide.caf */; };
		BE872B2E0EB5F61B0034883D /* gauge.png in Resources */ = {isa = PBXBuildFile; fileRef = BE872B2D0EB5F61B0034883D /* gauge.png */; };
		BE8AE60B0EFC16CB00810D45 /* NSCallScore.m in Sources */ = {isa = PBXBuildFile; fileRef = BE8AE60A0EFC16CB00810D45 /* NSCallScore.m */; };
		BE8B41E10EFAA03D0077AD11 /* credits.png in Resources */ = {isa = PBXBuildFile; fileRef = BE8B41DE0EFAA03D0077AD11 /* credits.png */; };
		BE8B41E20EFAA03D0077AD11 /* credits_screen.png in Resources */ = {isa = PBXBuildFile; fileRef = BE8B41DF0EFAA03D0077AD11 /* credits_screen.png */; };
		BE8B41E30EFAA03D0077AD11 /* difficulty_screen.png in Resources */ = {isa = PBXBuildFile; fileRef = BE8B41E00EFAA03D0077AD11 /* difficulty_screen.png */; };
		BE8B42540EFAF2A50077AD11 /* XMLReaderScore.m in Sources */ = {isa = PBXBuildFile; fileRef = BE8B42530EFAF2A50077AD11 /* XMLReaderScore.m */; };
		BEB2A01E0ECA4896005A4C51 /* instuctions_2.png in Resources */ = {isa = PBXBuildFile; fileRef = BEB2A01A0ECA4896005A4C51 /* instuctions_2.png */; };
		BEB2A01F0ECA4896005A4C51 /* instuctions_3.png in Resources */ = {isa = PBXBuildFile; fileRef = BEB2A01B0ECA4896005A4C51 /* instuctions_3.png */; };
		BEB2A0200ECA4896005A4C51 /* instuctions_4.png in Resources */ = {isa = PBXBuildFile; fileRef = BEB2A01C0ECA4896005A4C51 /* instuctions_4.png */; };
		BEB2A0210ECA4896005A4C51 /* instuctions_5.png in Resources */ = {isa = PBXBuildFile; fileRef = BEB2A01D0ECA4896005A4C51 /* instuctions_5.png */; };
		BEB2A04C0ECA4CB6005A4C51 /* game_over.png in Resources */ = {isa = PBXBuildFile; fileRef = BEB2A04A0ECA4CB6005A4C51 /* game_over.png */; };
		BEB2A04D0ECA4CB6005A4C51 /* next_level.png in Resources */ = {isa = PBXBuildFile; fileRef = BEB2A04B0ECA4CB6005A4C51 /* next_level.png */; };
		BECD95940EBFDBDC00D5CD69 /* highscore_screen.png in Resources */ = {isa = PBXBuildFile; fileRef = BECD95920EBFDBDC00D5CD69 /* highscore_screen.png */; };
		BECD95950EBFDBDC00D5CD69 /* options_screen_background.png in Resources */ = {isa = PBXBuildFile; fileRef = BECD95930EBFDBDC00D5CD69 /* options_screen_background.png */; };
		BECD96130EC13AF200D5CD69 /* plain.png in Resources */ = {isa = PBXBuildFile; fileRef = BECD96120EC13AF200D5CD69 /* plain.png */; };
		BECD96990EC1451600D5CD69 /* return.png in Resources */ = {isa = PBXBuildFile; fileRef = BECD96980EC1451600D5CD69 /* return.png */; };
		BECD96AA0EC1474700D5CD69 /* 1.caf in Resources */ = {isa = PBXBuildFile; fileRef = BECD96A40EC1474700D5CD69 /* 1.caf */; };
		BECD96AB0EC1474700D5CD69 /* 02k1.caf in Resources */ = {isa = PBXBuildFile; fileRef = BECD96A50EC1474700D5CD69 /* 02k1.caf */; };
		BECD96AC0EC1474700D5CD69 /* 03k1.caf in Resources */ = {isa = PBXBuildFile; fileRef = BECD96A60EC1474700D5CD69 /* 03k1.caf */; };
		BECD96AD0EC1474700D5CD69 /* 04k1.caf in Resources */ = {isa = PBXBuildFile; fileRef = BECD96A70EC1474700D5CD69 /* 04k1.caf */; };
		BECD96AE0EC1474700D5CD69 /* 05k1.caf in Resources */ = {isa = PBXBuildFile; fileRef = BECD96A80EC1474700D5CD69 /* 05k1.caf */; };
		BECD96AF0EC1474700D5CD69 /* 06k1.caf in Resources */ = {isa = PBXBuildFile; fileRef = BECD96A90EC1474700D5CD69 /* 06k1.caf */; };
		BECD97210EC1514F00D5CD69 /* MediaPlayer.framework in Frameworks */ = {isa = PBXBuildFile; fileRef = BECD97200EC1514F00D5CD69 /* MediaPlayer.framework */; };
		BEE01C020EC3D6BB00132117 /* ticking_1.caf in Resources */ = {isa = PBXBuildFile; fileRef = BEE01C010EC3D6BB00132117 /* ticking_1.caf */; };
		BEE01CC00EC3E17800132117 /* libsqlite3.0.dylib in Frameworks */ = {isa = PBXBuildFile; fileRef = BEE01CBF0EC3E17800132117 /* libsqlite3.0.dylib */; };
		BEE01CC50EC3E24000132117 /* Score.m in Sources */ = {isa = PBXBuildFile; fileRef = BEE01CC40EC3E24000132117 /* Score.m */; };
		BEE01CD60EC3E86000132117 /* evo2.sql in Resources */ = {isa = PBXBuildFile; fileRef = BEE01CD50EC3E86000132117 /* evo2.sql */; };
		BEE01D360EC3EB2800132117 /* doubletap.png in Resources */ = {isa = PBXBuildFile; fileRef = BEE01D350EC3EB2800132117 /* doubletap.png */; };
		BEF764E70EA65566001B7367 /* menu_screen.png in Resources */ = {isa = PBXBuildFile; fileRef = BEF764E50EA65566001B7367 /* menu_screen.png */; };
		BEF764E80EA65566001B7367 /* new_background.png in Resources */ = {isa = PBXBuildFile; fileRef = BEF764E60EA65566001B7367 /* new_background.png */; };
/* End PBXBuildFile section */

/* Begin PBXFileReference section */
		1D30AB110D05D00D00671497 /* Foundation.framework */ = {isa = PBXFileReference; lastKnownFileType = wrapper.framework; name = Foundation.framework; path = System/Library/Frameworks/Foundation.framework; sourceTree = SDKROOT; };
		1D3623240D0F684500981E51 /* EvOAppDelegate.h */ = {isa = PBXFileReference; fileEncoding = 4; lastKnownFileType = sourcecode.c.h; path = EvOAppDelegate.h; sourceTree = "<group>"; };
		1D3623250D0F684500981E51 /* EvOAppDelegate.m */ = {isa = PBXFileReference; fileEncoding = 4; lastKnownFileType = sourcecode.c.objc; path = EvOAppDelegate.m; sourceTree = "<group>"; };
		1D6058910D05DD3D006BFB54 /* EvO_Lite.app */ = {isa = PBXFileReference; explicitFileType = wrapper.application; includeInIndex = 0; path = EvO_Lite.app; sourceTree = BUILT_PRODUCTS_DIR; };
		1DF5F4DF0D08C38300B7A737 /* UIKit.framework */ = {isa = PBXFileReference; lastKnownFileType = wrapper.framework; name = UIKit.framework; path = System/Library/Frameworks/UIKit.framework; sourceTree = SDKROOT; };
		288765FC0DF74451002DB57D /* CoreGraphics.framework */ = {isa = PBXFileReference; lastKnownFileType = wrapper.framework; name = CoreGraphics.framework; path = System/Library/Frameworks/CoreGraphics.framework; sourceTree = SDKROOT; };
		29B97316FDCFA39411CA2CEA /* main.m */ = {isa = PBXFileReference; fileEncoding = 4; lastKnownFileType = sourcecode.c.objc; path = main.m; sourceTree = "<group>"; };
		32CA4F630368D1EE00C91783 /* EvO_lite_Prefix.pch */ = {isa = PBXFileReference; fileEncoding = 4; lastKnownFileType = sourcecode.c.h; path = EvO_lite_Prefix.pch; sourceTree = "<group>"; };
		8D1107310486CEB800E47090 /* Info.plist */ = {isa = PBXFileReference; fileEncoding = 4; lastKnownFileType = text.plist.xml; path = Info.plist; sourceTree = "<group>"; };
		95B1E9D50EDD9452006F6C33 /* Beacon.h */ = {isa = PBXFileReference; fileEncoding = 4; lastKnownFileType = sourcecode.c.h; path = Beacon.h; sourceTree = "<group>"; };
		95B1E9D60EDD9452006F6C33 /* libPinchAnalytics.a */ = {isa = PBXFileReference; lastKnownFileType = archive.ar; path = libPinchAnalytics.a; sourceTree = "<group>"; };
		95B1E9DD0EDD9531006F6C33 /* SystemConfiguration.framework */ = {isa = PBXFileReference; lastKnownFileType = wrapper.framework; name = SystemConfiguration.framework; path = System/Library/Frameworks/SystemConfiguration.framework; sourceTree = SDKROOT; };
		95B1E9DF0EDD9544006F6C33 /* CoreLocation.framework */ = {isa = PBXFileReference; lastKnownFileType = wrapper.framework; name = CoreLocation.framework; path = System/Library/Frameworks/CoreLocation.framework; sourceTree = SDKROOT; };
		BE112B710E9F95B100A05713 /* ICON_circle_BLUE.png */ = {isa = PBXFileReference; lastKnownFileType = image.png; name = ICON_circle_BLUE.png; path = images/pieces/ICON_circle_BLUE.png; sourceTree = "<group>"; };
		BE112B720E9F95B100A05713 /* ICON_circle_GREEN.png */ = {isa = PBXFileReference; lastKnownFileType = image.png; name = ICON_circle_GREEN.png; path = images/pieces/ICON_circle_GREEN.png; sourceTree = "<group>"; };
		BE112B730E9F95B100A05713 /* ICON_circle_RED.png */ = {isa = PBXFileReference; lastKnownFileType = image.png; name = ICON_circle_RED.png; path = images/pieces/ICON_circle_RED.png; sourceTree = "<group>"; };
		BE112B740E9F95B100A05713 /* ICON_circle_YELLOW.png */ = {isa = PBXFileReference; lastKnownFileType = image.png; name = ICON_circle_YELLOW.png; path = images/pieces/ICON_circle_YELLOW.png; sourceTree = "<group>"; };
		BE112B750E9F95B100A05713 /* ICON_cross_BLUE.png */ = {isa = PBXFileReference; lastKnownFileType = image.png; name = ICON_cross_BLUE.png; path = images/pieces/ICON_cross_BLUE.png; sourceTree = "<group>"; };
		BE112B760E9F95B100A05713 /* ICON_cross_GREEN.png */ = {isa = PBXFileReference; lastKnownFileType = image.png; name = ICON_cross_GREEN.png; path = images/pieces/ICON_cross_GREEN.png; sourceTree = "<group>"; };
		BE112B770E9F95B100A05713 /* ICON_cross_RED.png */ = {isa = PBXFileReference; lastKnownFileType = image.png; name = ICON_cross_RED.png; path = images/pieces/ICON_cross_RED.png; sourceTree = "<group>"; };
		BE112B780E9F95B100A05713 /* ICON_cross_YELLOW.png */ = {isa = PBXFileReference; lastKnownFileType = image.png; name = ICON_cross_YELLOW.png; path = images/pieces/ICON_cross_YELLOW.png; sourceTree = "<group>"; };
		BE112B790E9F95B100A05713 /* ICON_square_BLUE.png */ = {isa = PBXFileReference; lastKnownFileType = image.png; name = ICON_square_BLUE.png; path = images/pieces/ICON_square_BLUE.png; sourceTree = "<group>"; };
		BE112B7A0E9F95B100A05713 /* ICON_square_GREEN.png */ = {isa = PBXFileReference; lastKnownFileType = image.png; name = ICON_square_GREEN.png; path = images/pieces/ICON_square_GREEN.png; sourceTree = "<group>"; };
		BE112B7B0E9F95B100A05713 /* ICON_square_RED.png */ = {isa = PBXFileReference; lastKnownFileType = image.png; name = ICON_square_RED.png; path = images/pieces/ICON_square_RED.png; sourceTree = "<group>"; };
		BE112B7C0E9F95B100A05713 /* ICON_square_YELLOW.png */ = {isa = PBXFileReference; lastKnownFileType = image.png; name = ICON_square_YELLOW.png; path = images/pieces/ICON_square_YELLOW.png; sourceTree = "<group>"; };
		BE112B7D0E9F95B100A05713 /* ICON_tri_BLUE.png */ = {isa = PBXFileReference; lastKnownFileType = image.png; name = ICON_tri_BLUE.png; path = images/pieces/ICON_tri_BLUE.png; sourceTree = "<group>"; };
		BE112B7E0E9F95B100A05713 /* ICON_tri_GREEN.png */ = {isa = PBXFileReference; lastKnownFileType = image.png; name = ICON_tri_GREEN.png; path = images/pieces/ICON_tri_GREEN.png; sourceTree = "<group>"; };
		BE112B7F0E9F95B100A05713 /* ICON_tri_RED.png */ = {isa = PBXFileReference; lastKnownFileType = image.png; name = ICON_tri_RED.png; path = images/pieces/ICON_tri_RED.png; sourceTree = "<group>"; };
		BE112B800E9F95B100A05713 /* ICON_tri_YELLOW.png */ = {isa = PBXFileReference; lastKnownFileType = image.png; name = ICON_tri_YELLOW.png; path = images/pieces/ICON_tri_YELLOW.png; sourceTree = "<group>"; };
		BE112B810E9F95B100A05713 /* ICON_X_MUTATION.png */ = {isa = PBXFileReference; lastKnownFileType = image.png; name = ICON_X_MUTATION.png; path = images/pieces/ICON_X_MUTATION.png; sourceTree = "<group>"; };
		BE112B950E9F964200A05713 /* NSPiece.h */ = {isa = PBXFileReference; fileEncoding = 4; lastKnownFileType = sourcecode.c.h; path = NSPiece.h; sourceTree = "<group>"; };
		BE112B960E9F964200A05713 /* NSPiece.m */ = {isa = PBXFileReference; fileEncoding = 4; lastKnownFileType = sourcecode.c.objc; path = NSPiece.m; sourceTree = "<group>"; };
		BE112BA30E9F9E2D00A05713 /* board.png */ = {isa = PBXFileReference; lastKnownFileType = image.png; name = board.png; path = images/board.png; sourceTree = "<group>"; };
		BE1779480E9BE57D006FC323 /* MainWindow.xib */ = {isa = PBXFileReference; lastKnownFileType = file.xib; path = MainWindow.xib; sourceTree = "<group>"; };
		BE17794B0E9BE5A8006FC323 /* MainViewController.h */ = {isa = PBXFileReference; fileEncoding = 4; lastKnownFileType = sourcecode.c.h; path = MainViewController.h; sourceTree = "<group>"; };
		BE17794C0E9BE5A8006FC323 /* MainViewController.m */ = {isa = PBXFileReference; fileEncoding = 4; lastKnownFileType = sourcecode.c.objc; path = MainViewController.m; sourceTree = "<group>"; };
		BE17795A0E9BE872006FC323 /* Default.png */ = {isa = PBXFileReference; lastKnownFileType = image.png; path = Default.png; sourceTree = "<group>"; };
		BE17795D0E9BE8DD006FC323 /* icon.png */ = {isa = PBXFileReference; lastKnownFileType = image.png; path = icon.png; sourceTree = "<group>"; };
		BE8729910EB5D1770034883D /* click.caf */ = {isa = PBXFileReference; lastKnownFileType = file; name = click.caf; path = sound/click.caf; sourceTree = "<group>"; };
		BE8729920EB5D1770034883D /* lose.caf */ = {isa = PBXFileReference; lastKnownFileType = file; name = lose.caf; path = sound/lose.caf; sourceTree = "<group>"; };
		BE8729950EB5D1770034883D /* tone.caf */ = {isa = PBXFileReference; lastKnownFileType = file; name = tone.caf; path = sound/tone.caf; sourceTree = "<group>"; };
		BE8729960EB5D1770034883D /* x2.caf */ = {isa = PBXFileReference; lastKnownFileType = file; name = x2.caf; path = sound/x2.caf; sourceTree = "<group>"; };
		BE8729B60EB5D22F0034883D /* button_1_off.png */ = {isa = PBXFileReference; lastKnownFileType = image.png; name = button_1_off.png; path = images/button_1_off.png; sourceTree = "<group>"; };
		BE8729B70EB5D22F0034883D /* button_1_on.png */ = {isa = PBXFileReference; lastKnownFileType = image.png; name = button_1_on.png; path = images/button_1_on.png; sourceTree = "<group>"; };
		BE8729B80EB5D22F0034883D /* button_2_off.png */ = {isa = PBXFileReference; lastKnownFileType = image.png; name = button_2_off.png; path = images/button_2_off.png; sourceTree = "<group>"; };
		BE8729B90EB5D22F0034883D /* button_2_on.png */ = {isa = PBXFileReference; lastKnownFileType = image.png; name = button_2_on.png; path = images/button_2_on.png; sourceTree = "<group>"; };
		BE8729BA0EB5D22F0034883D /* button_3_off.png */ = {isa = PBXFileReference; lastKnownFileType = image.png; name = button_3_off.png; path = images/button_3_off.png; sourceTree = "<group>"; };
		BE8729BB0EB5D22F0034883D /* button_3_on.png */ = {isa = PBXFileReference; lastKnownFileType = image.png; name = button_3_on.png; path = images/button_3_on.png; sourceTree = "<group>"; };
		BE8729BC0EB5D22F0034883D /* button_4_off.png */ = {isa = PBXFileReference; lastKnownFileType = image.png; name = button_4_off.png; path = images/button_4_off.png; sourceTree = "<group>"; };
		BE8729BD0EB5D22F0034883D /* button_4_on.png */ = {isa = PBXFileReference; lastKnownFileType = image.png; name = button_4_on.png; path = images/button_4_on.png; sourceTree = "<group>"; };
		BE8729C90EB5D4410034883D /* Audio_Internal.h */ = {isa = PBXFileReference; fileEncoding = 4; lastKnownFileType = sourcecode.c.h; path = Audio_Internal.h; sourceTree = SOURCE_ROOT; };
		BE8729CA0EB5D4410034883D /* AudioFX.h */ = {isa = PBXFileReference; fileEncoding = 4; lastKnownFileType = sourcecode.c.h; path = AudioFX.h; sourceTree = SOURCE_ROOT; };
		BE8729CB0EB5D4410034883D /* AudioFX.m */ = {isa = PBXFileReference; fileEncoding = 4; lastKnownFileType = sourcecode.c.objc; path = AudioFX.m; sourceTree = SOURCE_ROOT; };
		BE8729D30EB5D4950034883D /* AudioToolbox.framework */ = {isa = PBXFileReference; lastKnownFileType = wrapper.framework; name = AudioToolbox.framework; path = System/Library/Frameworks/AudioToolbox.framework; sourceTree = SDKROOT; };
		BE872A490EB5DBC40034883D /* slide.caf */ = {isa = PBXFileReference; lastKnownFileType = file; name = slide.caf; path = sound/slide.caf; sourceTree = "<group>"; };
		BE872B2D0EB5F61B0034883D /* gauge.png */ = {isa = PBXFileReference; lastKnownFileType = image.png; name = gauge.png; path = images/gauge.png; sourceTree = "<group>"; };
		BE8AE6090EFC16CB00810D45 /* NSCallScore.h */ = {isa = PBXFileReference; fileEncoding = 4; lastKnownFileType = sourcecode.c.h; path = NSCallScore.h; sourceTree = "<group>"; };
		BE8AE60A0EFC16CB00810D45 /* NSCallScore.m */ = {isa = PBXFileReference; fileEncoding = 4; lastKnownFileType = sourcecode.c.objc; path = NSCallScore.m; sourceTree = "<group>"; };
		BE8B41DE0EFAA03D0077AD11 /* credits.png */ = {isa = PBXFileReference; lastKnownFileType = image.png; name = credits.png; path = images/credits.png; sourceTree = "<group>"; };
		BE8B41DF0EFAA03D0077AD11 /* credits_screen.png */ = {isa = PBXFileReference; lastKnownFileType = image.png; name = credits_screen.png; path = images/credits_screen.png; sourceTree = "<group>"; };
		BE8B41E00EFAA03D0077AD11 /* difficulty_screen.png */ = {isa = PBXFileReference; lastKnownFileType = image.png; name = difficulty_screen.png; path = images/difficulty_screen.png; sourceTree = "<group>"; };
		BE8B42520EFAF2A50077AD11 /* XMLReaderScore.h */ = {isa = PBXFileReference; fileEncoding = 4; lastKnownFileType = sourcecode.c.h; path = XMLReaderScore.h; sourceTree = "<group>"; };
		BE8B42530EFAF2A50077AD11 /* XMLReaderScore.m */ = {isa = PBXFileReference; fileEncoding = 4; lastKnownFileType = sourcecode.c.objc; path = XMLReaderScore.m; sourceTree = "<group>"; };
		BEB2A01A0ECA4896005A4C51 /* instuctions_2.png */ = {isa = PBXFileReference; lastKnownFileType = image.png; name = instuctions_2.png; path = images/instructions/instuctions_2.png; sourceTree = "<group>"; };
		BEB2A01B0ECA4896005A4C51 /* instuctions_3.png */ = {isa = PBXFileReference; lastKnownFileType = image.png; name = instuctions_3.png; path = images/instructions/instuctions_3.png; sourceTree = "<group>"; };
		BEB2A01C0ECA4896005A4C51 /* instuctions_4.png */ = {isa = PBXFileReference; lastKnownFileType = image.png; name = instuctions_4.png; path = images/instructions/instuctions_4.png; sourceTree = "<group>"; };
		BEB2A01D0ECA4896005A4C51 /* instuctions_5.png */ = {isa = PBXFileReference; lastKnownFileType = image.png; name = instuctions_5.png; path = images/instructions/instuctions_5.png; sourceTree = "<group>"; };
		BEB2A04A0ECA4CB6005A4C51 /* game_over.png */ = {isa = PBXFileReference; lastKnownFileType = image.png; name = game_over.png; path = images/game_over.png; sourceTree = "<group>"; };
		BEB2A04B0ECA4CB6005A4C51 /* next_level.png */ = {isa = PBXFileReference; lastKnownFileType = image.png; name = next_level.png; path = images/next_level.png; sourceTree = "<group>"; };
		BECD95920EBFDBDC00D5CD69 /* highscore_screen.png */ = {isa = PBXFileReference; lastKnownFileType = image.png; name = highscore_screen.png; path = images/highscore_screen.png; sourceTree = "<group>"; };
		BECD95930EBFDBDC00D5CD69 /* options_screen_background.png */ = {isa = PBXFileReference; lastKnownFileType = image.png; name = options_screen_background.png; path = images/options_screen_background.png; sourceTree = "<group>"; };
		BECD96120EC13AF200D5CD69 /* plain.png */ = {isa = PBXFileReference; lastKnownFileType = image.png; name = plain.png; path = images/plain.png; sourceTree = "<group>"; };
		BECD96980EC1451600D5CD69 /* return.png */ = {isa = PBXFileReference; lastKnownFileType = image.png; name = return.png; path = images/return.png; sourceTree = "<group>"; };
		BECD96A40EC1474700D5CD69 /* 1.caf */ = {isa = PBXFileReference; lastKnownFileType = file; name = 1.caf; path = sound/1.caf; sourceTree = "<group>"; };
		BECD96A50EC1474700D5CD69 /* 02k1.caf */ = {isa = PBXFileReference; lastKnownFileType = file; name = 02k1.caf; path = sound/02k1.caf; sourceTree = "<group>"; };
		BECD96A60EC1474700D5CD69 /* 03k1.caf */ = {isa = PBXFileReference; lastKnownFileType = file; name = 03k1.caf; path = sound/03k1.caf; sourceTree = "<group>"; };
		BECD96A70EC1474700D5CD69 /* 04k1.caf */ = {isa = PBXFileReference; lastKnownFileType = file; name = 04k1.caf; path = sound/04k1.caf; sourceTree = "<group>"; };
		BECD96A80EC1474700D5CD69 /* 05k1.caf */ = {isa = PBXFileReference; lastKnownFileType = file; name = 05k1.caf; path = sound/05k1.caf; sourceTree = "<group>"; };
		BECD96A90EC1474700D5CD69 /* 06k1.caf */ = {isa = PBXFileReference; lastKnownFileType = file; name = 06k1.caf; path = sound/06k1.caf; sourceTree = "<group>"; };
		BECD97200EC1514F00D5CD69 /* MediaPlayer.framework */ = {isa = PBXFileReference; lastKnownFileType = wrapper.framework; name = MediaPlayer.framework; path = System/Library/Frameworks/MediaPlayer.framework; sourceTree = SDKROOT; };
		BEE01C010EC3D6BB00132117 /* ticking_1.caf */ = {isa = PBXFileReference; lastKnownFileType = file; name = ticking_1.caf; path = sound/ticking_1.caf; sourceTree = "<group>"; };
		BEE01CBF0EC3E17800132117 /* libsqlite3.0.dylib */ = {isa = PBXFileReference; lastKnownFileType = "compiled.mach-o.dylib"; name = libsqlite3.0.dylib; path = usr/lib/libsqlite3.0.dylib; sourceTree = SDKROOT; };
		BEE01CC30EC3E24000132117 /* Score.h */ = {isa = PBXFileReference; fileEncoding = 4; lastKnownFileType = sourcecode.c.h; path = Score.h; sourceTree = "<group>"; };
		BEE01CC40EC3E24000132117 /* Score.m */ = {isa = PBXFileReference; fileEncoding = 4; lastKnownFileType = sourcecode.c.objc; path = Score.m; sourceTree = "<group>"; };
		BEE01CD50EC3E86000132117 /* evo2.sql */ = {isa = PBXFileReference; lastKnownFileType = file; path = evo2.sql; sourceTree = "<group>"; };
		BEE01D350EC3EB2800132117 /* doubletap.png */ = {isa = PBXFileReference; lastKnownFileType = image.png; name = doubletap.png; path = images/doubletap.png; sourceTree = "<group>"; };
		BEF764E50EA65566001B7367 /* menu_screen.png */ = {isa = PBXFileReference; lastKnownFileType = image.png; name = menu_screen.png; path = images/menu_screen.png; sourceTree = "<group>"; };
		BEF764E60EA65566001B7367 /* new_background.png */ = {isa = PBXFileReference; lastKnownFileType = image.png; name = new_background.png; path = images/new_background.png; sourceTree = "<group>"; };
/* End PBXFileReference section */

/* Begin PBXFrameworksBuildPhase section */
		1D60588F0D05DD3D006BFB54 /* Frameworks */ = {
			isa = PBXFrameworksBuildPhase;
			buildActionMask = 2147483647;
			files = (
				1D60589F0D05DD5A006BFB54 /* Foundation.framework in Frameworks */,
				1DF5F4E00D08C38300B7A737 /* UIKit.framework in Frameworks */,
				288765FD0DF74451002DB57D /* CoreGraphics.framework in Frameworks */,
				BE8729D40EB5D4950034883D /* AudioToolbox.framework in Frameworks */,
				BECD97210EC1514F00D5CD69 /* MediaPlayer.framework in Frameworks */,
				BEE01CC00EC3E17800132117 /* libsqlite3.0.dylib in Frameworks */,
				95B1E9D70EDD9452006F6C33 /* libPinchAnalytics.a in Frameworks */,
				95B1E9DE0EDD9531006F6C33 /* SystemConfiguration.framework in Frameworks */,
				95B1E9E00EDD9544006F6C33 /* CoreLocation.framework in Frameworks */,
			);
			runOnlyForDeploymentPostprocessing = 0;
		};
/* End PBXFrameworksBuildPhase section */

/* Begin PBXGroup section */
		080E96DDFE201D6D7F000001 /* Classes */ = {
			isa = PBXGroup;
			children = (
				BE8B42520EFAF2A50077AD11 /* XMLReaderScore.h */,
				BE8B42530EFAF2A50077AD11 /* XMLReaderScore.m */,
				BE8729C90EB5D4410034883D /* Audio_Internal.h */,
				BE8729CA0EB5D4410034883D /* AudioFX.h */,
				BE8729CB0EB5D4410034883D /* AudioFX.m */,
				1D3623240D0F684500981E51 /* EvOAppDelegate.h */,
				1D3623250D0F684500981E51 /* EvOAppDelegate.m */,
				BE112B950E9F964200A05713 /* NSPiece.h */,
				BE112B960E9F964200A05713 /* NSPiece.m */,
				BEE01CC30EC3E24000132117 /* Score.h */,
				BEE01CC40EC3E24000132117 /* Score.m */,
				BE8AE6090EFC16CB00810D45 /* NSCallScore.h */,
				BE8AE60A0EFC16CB00810D45 /* NSCallScore.m */,
			);
			path = Classes;
			sourceTree = "<group>";
		};
		19C28FACFE9D520D11CA2CBB /* Products */ = {
			isa = PBXGroup;
			children = (
				1D6058910D05DD3D006BFB54 /* EvO_Lite.app */,
			);
			name = Products;
			sourceTree = "<group>";
		};
		29B97314FDCFA39411CA2CEA /* CustomTemplate */ = {
			isa = PBXGroup;
			children = (
				BE17794A0E9BE585006FC323 /* Controllers */,
				BE1779460E9BE563006FC323 /* Xib */,
				080E96DDFE201D6D7F000001 /* Classes */,
				29B97315FDCFA39411CA2CEA /* Other Sources */,
				29B97317FDCFA39411CA2CEA /* Resources */,
				29B97323FDCFA39411CA2CEA /* Frameworks */,
				19C28FACFE9D520D11CA2CBB /* Products */,
				95B1E9DD0EDD9531006F6C33 /* SystemConfiguration.framework */,
				95B1E9DF0EDD9544006F6C33 /* CoreLocation.framework */,
			);
			name = CustomTemplate;
			sourceTree = "<group>";
		};
		29B97315FDCFA39411CA2CEA /* Other Sources */ = {
			isa = PBXGroup;
			children = (
				BEE01CD50EC3E86000132117 /* evo2.sql */,
				32CA4F630368D1EE00C91783 /* EvO_lite_Prefix.pch */,
				29B97316FDCFA39411CA2CEA /* main.m */,
			);
			name = "Other Sources";
			sourceTree = "<group>";
		};
		29B97317FDCFA39411CA2CEA /* Resources */ = {
			isa = PBXGroup;
			children = (
				BECD96120EC13AF200D5CD69 /* plain.png */,
				BE872B2D0EB5F61B0034883D /* gauge.png */,
				BE8729900EB5D1590034883D /* Sounds */,
				BE112BA30E9F9E2D00A05713 /* board.png */,
				BE17795D0E9BE8DD006FC323 /* icon.png */,
				BE17795A0E9BE872006FC323 /* Default.png */,
				BE17794E0E9BE5F6006FC323 /* Images */,
				8D1107310486CEB800E47090 /* Info.plist */,
			);
			name = Resources;
			sourceTree = "<group>";
		};
		29B97323FDCFA39411CA2CEA /* Frameworks */ = {
			isa = PBXGroup;
			children = (
				BEE01CBF0EC3E17800132117 /* libsqlite3.0.dylib */,
				BECD97200EC1514F00D5CD69 /* MediaPlayer.framework */,
				BE8729D30EB5D4950034883D /* AudioToolbox.framework */,
				1DF5F4DF0D08C38300B7A737 /* UIKit.framework */,
				1D30AB110D05D00D00671497 /* Foundation.framework */,
				288765FC0DF74451002DB57D /* CoreGraphics.framework */,
			);
			name = Frameworks;
			sourceTree = "<group>";
		};
		BE112B700E9F942300A05713 /* Pieces */ = {
			isa = PBXGroup;
			children = (
				BE112B710E9F95B100A05713 /* ICON_circle_BLUE.png */,
				BE112B720E9F95B100A05713 /* ICON_circle_GREEN.png */,
				BE112B730E9F95B100A05713 /* ICON_circle_RED.png */,
				BE112B740E9F95B100A05713 /* ICON_circle_YELLOW.png */,
				BE112B750E9F95B100A05713 /* ICON_cross_BLUE.png */,
				BE112B760E9F95B100A05713 /* ICON_cross_GREEN.png */,
				BE112B770E9F95B100A05713 /* ICON_cross_RED.png */,
				BE112B780E9F95B100A05713 /* ICON_cross_YELLOW.png */,
				BE112B790E9F95B100A05713 /* ICON_square_BLUE.png */,
				BE112B7A0E9F95B100A05713 /* ICON_square_GREEN.png */,
				BE112B7B0E9F95B100A05713 /* ICON_square_RED.png */,
				BE112B7C0E9F95B100A05713 /* ICON_square_YELLOW.png */,
				BE112B7D0E9F95B100A05713 /* ICON_tri_BLUE.png */,
				BE112B7E0E9F95B100A05713 /* ICON_tri_GREEN.png */,
				BE112B7F0E9F95B100A05713 /* ICON_tri_RED.png */,
				BE112B800E9F95B100A05713 /* ICON_tri_YELLOW.png */,
				BE112B810E9F95B100A05713 /* ICON_X_MUTATION.png */,
			);
			name = Pieces;
			sourceTree = "<group>";
		};
		BE1779460E9BE563006FC323 /* Xib */ = {
			isa = PBXGroup;
			children = (
				BE1779480E9BE57D006FC323 /* MainWindow.xib */,
			);
			name = Xib;
			sourceTree = "<group>";
		};
		BE17794A0E9BE585006FC323 /* Controllers */ = {
			isa = PBXGroup;
			children = (
				BE17794B0E9BE5A8006FC323 /* MainViewController.h */,
				BE17794C0E9BE5A8006FC323 /* MainViewController.m */,
				95B1E9D50EDD9452006F6C33 /* Beacon.h */,
				95B1E9D60EDD9452006F6C33 /* libPinchAnalytics.a */,
			);
			name = Controllers;
			sourceTree = "<group>";
		};
		BE17794E0E9BE5F6006FC323 /* Images */ = {
			isa = PBXGroup;
			children = (
				BE8B41DE0EFAA03D0077AD11 /* credits.png */,
				BE8B41DF0EFAA03D0077AD11 /* credits_screen.png */,
				BE8B41E00EFAA03D0077AD11 /* difficulty_screen.png */,
				BEB2A04A0ECA4CB6005A4C51 /* game_over.png */,
				BEB2A04B0ECA4CB6005A4C51 /* next_level.png */,
				BEB2A0190ECA4885005A4C51 /* instructions */,
				BEE01D350EC3EB2800132117 /* doubletap.png */,
				BECD96980EC1451600D5CD69 /* return.png */,
				BECD95920EBFDBDC00D5CD69 /* highscore_screen.png */,
				BECD95930EBFDBDC00D5CD69 /* options_screen_background.png */,
				BE8729B50EB5D21F0034883D /* Menu */,
				BEF764E50EA65566001B7367 /* menu_screen.png */,
				BEF764E60EA65566001B7367 /* new_background.png */,
				BE112B700E9F942300A05713 /* Pieces */,
			);
			name = Images;
			sourceTree = "<group>";
		};
		BE8729900EB5D1590034883D /* Sounds */ = {
			isa = PBXGroup;
			children = (
				BEE01C010EC3D6BB00132117 /* ticking_1.caf */,
				BECD96A40EC1474700D5CD69 /* 1.caf */,
				BECD96A50EC1474700D5CD69 /* 02k1.caf */,
				BECD96A60EC1474700D5CD69 /* 03k1.caf */,
				BECD96A70EC1474700D5CD69 /* 04k1.caf */,
				BECD96A80EC1474700D5CD69 /* 05k1.caf */,
				BECD96A90EC1474700D5CD69 /* 06k1.caf */,
				BE872A490EB5DBC40034883D /* slide.caf */,
				BE8729910EB5D1770034883D /* click.caf */,
				BE8729920EB5D1770034883D /* lose.caf */,
				BE8729950EB5D1770034883D /* tone.caf */,
				BE8729960EB5D1770034883D /* x2.caf */,
			);
			name = Sounds;
			sourceTree = "<group>";
		};
		BE8729B50EB5D21F0034883D /* Menu */ = {
			isa = PBXGroup;
			children = (
				BE8729B60EB5D22F0034883D /* button_1_off.png */,
				BE8729B70EB5D22F0034883D /* button_1_on.png */,
				BE8729B80EB5D22F0034883D /* button_2_off.png */,
				BE8729B90EB5D22F0034883D /* button_2_on.png */,
				BE8729BA0EB5D22F0034883D /* button_3_off.png */,
				BE8729BB0EB5D22F0034883D /* button_3_on.png */,
				BE8729BC0EB5D22F0034883D /* button_4_off.png */,
				BE8729BD0EB5D22F0034883D /* button_4_on.png */,
			);
			name = Menu;
			sourceTree = "<group>";
		};
		BEB2A0190ECA4885005A4C51 /* instructions */ = {
			isa = PBXGroup;
			children = (
				BEB2A01A0ECA4896005A4C51 /* instuctions_2.png */,
				BEB2A01B0ECA4896005A4C51 /* instuctions_3.png */,
				BEB2A01C0ECA4896005A4C51 /* instuctions_4.png */,
				BEB2A01D0ECA4896005A4C51 /* instuctions_5.png */,
			);
			name = instructions;
			sourceTree = "<group>";
		};
/* End PBXGroup section */

/* Begin PBXNativeTarget section */
		1D6058900D05DD3D006BFB54 /* EvO_Lite */ = {
			isa = PBXNativeTarget;
			buildConfigurationList = 1D6058960D05DD3E006BFB54 /* Build configuration list for PBXNativeTarget "EvO_Lite" */;
			buildPhases = (
				1D60588D0D05DD3D006BFB54 /* Resources */,
				1D60588E0D05DD3D006BFB54 /* Sources */,
				1D60588F0D05DD3D006BFB54 /* Frameworks */,
			);
			buildRules = (
			);
			dependencies = (
			);
			name = EvO_Lite;
			productName = EvO;
			productReference = 1D6058910D05DD3D006BFB54 /* EvO_Lite.app */;
			productType = "com.apple.product-type.application";
		};
/* End PBXNativeTarget section */

/* Begin PBXProject section */
		29B97313FDCFA39411CA2CEA /* Project object */ = {
			isa = PBXProject;
			buildConfigurationList = C01FCF4E08A954540054247B /* Build configuration list for PBXProject "EvO" */;
			compatibilityVersion = "Xcode 3.1";
			developmentRegion = English;
			hasScannedForEncodings = 1;
			knownRegions = (
				English,
				Japanese,
				French,
				German,
			);
			mainGroup = 29B97314FDCFA39411CA2CEA /* CustomTemplate */;
			projectDirPath = "";
			projectRoot = "";
			targets = (
				1D6058900D05DD3D006BFB54 /* EvO_Lite */,
			);
		};
/* End PBXProject section */

/* Begin PBXResourcesBuildPhase section */
		1D60588D0D05DD3D006BFB54 /* Resources */ = {
			isa = PBXResourcesBuildPhase;
			buildActionMask = 2147483647;
			files = (
				BE1779490E9BE57D006FC323 /* MainWindow.xib in Resources */,
				BE17795B0E9BE872006FC323 /* Default.png in Resources */,
				BE17795E0E9BE8DD006FC323 /* icon.png in Resources */,
				BE112B820E9F95B100A05713 /* ICON_circle_BLUE.png in Resources */,
				BE112B830E9F95B100A05713 /* ICON_circle_GREEN.png in Resources */,
				BE112B840E9F95B100A05713 /* ICON_circle_RED.png in Resources */,
				BE112B850E9F95B100A05713 /* ICON_circle_YELLOW.png in Resources */,
				BE112B860E9F95B100A05713 /* ICON_cross_BLUE.png in Resources */,
				BE112B870E9F95B100A05713 /* ICON_cross_GREEN.png in Resources */,
				BE112B880E9F95B100A05713 /* ICON_cross_RED.png in Resources */,
				BE112B890E9F95B100A05713 /* ICON_cross_YELLOW.png in Resources */,
				BE112B8A0E9F95B100A05713 /* ICON_square_BLUE.png in Resources */,
				BE112B8B0E9F95B100A05713 /* ICON_square_GREEN.png in Resources */,
				BE112B8C0E9F95B100A05713 /* ICON_square_RED.png in Resources */,
				BE112B8D0E9F95B100A05713 /* ICON_square_YELLOW.png in Resources */,
				BE112B8E0E9F95B100A05713 /* ICON_tri_BLUE.png in Resources */,
				BE112B8F0E9F95B100A05713 /* ICON_tri_GREEN.png in Resources */,
				BE112B900E9F95B100A05713 /* ICON_tri_RED.png in Resources */,
				BE112B910E9F95B100A05713 /* ICON_tri_YELLOW.png in Resources */,
				BE112B920E9F95B100A05713 /* ICON_X_MUTATION.png in Resources */,
				BE112BA40E9F9E2D00A05713 /* board.png in Resources */,
				BEF764E70EA65566001B7367 /* menu_screen.png in Resources */,
				BEF764E80EA65566001B7367 /* new_background.png in Resources */,
				BE8729970EB5D1770034883D /* click.caf in Resources */,
				BE8729980EB5D1770034883D /* lose.caf in Resources */,
				BE87299B0EB5D1770034883D /* tone.caf in Resources */,
				BE87299C0EB5D1770034883D /* x2.caf in Resources */,
				BE8729BE0EB5D22F0034883D /* button_1_off.png in Resources */,
				BE8729BF0EB5D22F0034883D /* button_1_on.png in Resources */,
				BE8729C00EB5D22F0034883D /* button_2_off.png in Resources */,
				BE8729C10EB5D22F0034883D /* button_2_on.png in Resources */,
				BE8729C20EB5D22F0034883D /* button_3_off.png in Resources */,
				BE8729C30EB5D22F0034883D /* button_3_on.png in Resources */,
				BE8729C40EB5D22F0034883D /* button_4_off.png in Resources */,
				BE8729C50EB5D22F0034883D /* button_4_on.png in Resources */,
				BE872A4A0EB5DBC40034883D /* slide.caf in Resources */,
				BE872B2E0EB5F61B0034883D /* gauge.png in Resources */,
				BECD95940EBFDBDC00D5CD69 /* highscore_screen.png in Resources */,
				BECD95950EBFDBDC00D5CD69 /* options_screen_background.png in Resources */,
				BECD96130EC13AF200D5CD69 /* plain.png in Resources */,
				BECD96990EC1451600D5CD69 /* return.png in Resources */,
				BECD96AA0EC1474700D5CD69 /* 1.caf in Resources */,
				BECD96AB0EC1474700D5CD69 /* 02k1.caf in Resources */,
				BECD96AC0EC1474700D5CD69 /* 03k1.caf in Resources */,
				BECD96AD0EC1474700D5CD69 /* 04k1.caf in Resources */,
				BECD96AE0EC1474700D5CD69 /* 05k1.caf in Resources */,
				BECD96AF0EC1474700D5CD69 /* 06k1.caf in Resources */,
				BEE01C020EC3D6BB00132117 /* ticking_1.caf in Resources */,
				BEE01CD60EC3E86000132117 /* evo2.sql in Resources */,
				BEE01D360EC3EB2800132117 /* doubletap.png in Resources */,
				BEB2A01E0ECA4896005A4C51 /* instuctions_2.png in Resources */,
				BEB2A01F0ECA4896005A4C51 /* instuctions_3.png in Resources */,
				BEB2A0200ECA4896005A4C51 /* instuctions_4.png in Resources */,
				BEB2A0210ECA4896005A4C51 /* instuctions_5.png in Resources */,
				BEB2A04C0ECA4CB6005A4C51 /* game_over.png in Resources */,
				BEB2A04D0ECA4CB6005A4C51 /* next_level.png in Resources */,
				BE8B41E10EFAA03D0077AD11 /* credits.png in Resources */,
				BE8B41E20EFAA03D0077AD11 /* credits_screen.png in Resources */,
				BE8B41E30EFAA03D0077AD11 /* difficulty_screen.png in Resources */,
			);
			runOnlyForDeploymentPostprocessing = 0;
		};
/* End PBXResourcesBuildPhase section */

/* Begin PBXSourcesBuildPhase section */
		1D60588E0D05DD3D006BFB54 /* Sources */ = {
			isa = PBXSourcesBuildPhase;
			buildActionMask = 2147483647;
			files = (
				1D60589B0D05DD56006BFB54 /* main.m in Sources */,
				1D3623260D0F684500981E51 /* EvOAppDelegate.m in Sources */,
				BE17794D0E9BE5A8006FC323 /* MainViewController.m in Sources */,
				BE112B970E9F964200A05713 /* NSPiece.m in Sources */,
				BE8729CC0EB5D4410034883D /* AudioFX.m in Sources */,
				BEE01CC50EC3E24000132117 /* Score.m in Sources */,
				BE8B42540EFAF2A50077AD11 /* XMLReaderScore.m in Sources */,
				BE8AE60B0EFC16CB00810D45 /* NSCallScore.m in Sources */,
			);
			runOnlyForDeploymentPostprocessing = 0;
		};
/* End PBXSourcesBuildPhase section */

/* Begin XCBuildConfiguration section */
		1D6058940D05DD3E006BFB54 /* Debug */ = {
			isa = XCBuildConfiguration;
			buildSettings = {
				ALWAYS_SEARCH_USER_PATHS = NO;
				CODE_SIGN_ENTITLEMENTS = "";
				COPY_PHASE_STRIP = NO;
				GCC_DYNAMIC_NO_PIC = NO;
				GCC_OPTIMIZATION_LEVEL = 0;
				GCC_PRECOMPILE_PREFIX_HEADER = YES;
				GCC_PREFIX_HEADER = EvO_lite_Prefix.pch;
				INFOPLIST_FILE = Info.plist;
				LIBRARY_SEARCH_PATHS = (
					"$(inherited)",
					"\"$(SRCROOT)\"",
				);
				PRODUCT_NAME = EvO_Lite;
			};
			name = Debug;
		};
		1D6058950D05DD3E006BFB54 /* Release */ = {
			isa = XCBuildConfiguration;
			buildSettings = {
				ALWAYS_SEARCH_USER_PATHS = NO;
				COPY_PHASE_STRIP = YES;
				GCC_PRECOMPILE_PREFIX_HEADER = YES;
				GCC_PREFIX_HEADER = EvO_lite_Prefix.pch;
				INFOPLIST_FILE = Info.plist;
				LIBRARY_SEARCH_PATHS = (
					"$(inherited)",
					"\"$(SRCROOT)\"",
				);
				PRODUCT_NAME = EvO_Lite;
			};
			name = Release;
		};
		95D6E50C0EC93DC300A963D3 /* Distribution */ = {
			isa = XCBuildConfiguration;
			buildSettings = {
				ARCHS = "$(ARCHS_STANDARD_32_BIT)";
				"CODE_SIGN_IDENTITY[sdk=iphoneos*]" = "iPhone Developer";
				GCC_C_LANGUAGE_STANDARD = c99;
				GCC_WARN_ABOUT_RETURN_TYPE = YES;
				GCC_WARN_UNUSED_VARIABLE = YES;
				PREBINDING = NO;
				SDKROOT = iphoneos2.1;
			};
			name = Distribution;
		};
		95D6E50D0EC93DC300A963D3 /* Distribution */ = {
			isa = XCBuildConfiguration;
			buildSettings = {
				ALWAYS_SEARCH_USER_PATHS = NO;
				CODE_SIGN_ENTITLEMENTS = Entitlements.plist;
				"CODE_SIGN_IDENTITY[sdk=iphoneos*]" = "iPhone Distribution: Saurabh Kumar";
				COPY_PHASE_STRIP = YES;
				GCC_PRECOMPILE_PREFIX_HEADER = YES;
				GCC_PREFIX_HEADER = EvO_lite_Prefix.pch;
				INFOPLIST_FILE = Info.plist;
				LIBRARY_SEARCH_PATHS = (
					"$(inherited)",
					"\"$(SRCROOT)\"",
				);
				PRODUCT_NAME = EvO_Lite;
				"PROVISIONING_PROFILE[sdk=iphoneos*]" = "2E843299-096B-4635-843E-A5B8BF881B4B";
			};
			name = Distribution;
		};
		BE031BD00ECDF9B700C00757 /* DistributionApple */ = {
			isa = XCBuildConfiguration;
			buildSettings = {
				ARCHS = "$(ARCHS_STANDARD_32_BIT)";
				CODE_SIGN_ENTITLEMENTS = Entitlements.plist;
				"CODE_SIGN_IDENTITY[sdk=iphoneos*]" = "iPhone Distribution: James  Purcey";
				GCC_C_LANGUAGE_STANDARD = c99;
				GCC_WARN_ABOUT_RETURN_TYPE = YES;
				GCC_WARN_UNUSED_VARIABLE = YES;
				PREBINDING = NO;
				"PROVISIONING_PROFILE[sdk=iphoneos*]" = DefaultProfileUuid;
				SDKROOT = iphoneos2.0;
			};
			name = DistributionApple;
		};
		BE031BD10ECDF9B700C00757 /* DistributionApple */ = {
			isa = XCBuildConfiguration;
			buildSettings = {
				ALWAYS_SEARCH_USER_PATHS = NO;
				CODE_SIGN_ENTITLEMENTS = "Entitlements.plist ";
				"CODE_SIGN_IDENTITY[sdk=iphoneos*]" = "iPhone Distribution: James  Prucey";
				COPY_PHASE_STRIP = YES;
				GCC_PRECOMPILE_PREFIX_HEADER = YES;
				GCC_PREFIX_HEADER = EvO_lite_Prefix.pch;
				INFOPLIST_FILE = Info.plist;
				LIBRARY_SEARCH_PATHS = (
					"$(inherited)",
					"\"$(SRCROOT)\"",
				);
				PRODUCT_NAME = EvO_Lite;
				"PROVISIONING_PROFILE[sdk=iphoneos*]" = "2911BBD3-E3D3-4A80-9E8A-1B944B4B398E";
			};
			name = DistributionApple;
		};
		C01FCF4F08A954540054247B /* Debug */ = {
			isa = XCBuildConfiguration;
			buildSettings = {
				ARCHS = "$(ARCHS_STANDARD_32_BIT)";
				CODE_SIGN_ENTITLEMENTS = Entitlements.plist;
				CODE_SIGN_IDENTITY = "iPhone Developer: Moises Swiczar";
				"CODE_SIGN_IDENTITY[sdk=iphoneos*]" = "iPhone Developer: Moises Swiczar";
				GCC_C_LANGUAGE_STANDARD = c99;
				GCC_WARN_ABOUT_RETURN_TYPE = YES;
				GCC_WARN_UNUSED_VARIABLE = YES;
				ONLY_ACTIVE_ARCH = YES;
				PREBINDING = NO;
				PROVISIONING_PROFILE = "87BD76C5-7666-43B2-894C-202EC85BE8FD";
				"PROVISIONING_PROFILE[sdk=iphoneos*]" = "87BD76C5-7666-43B2-894C-202EC85BE8FD";
				SDKROOT = iphoneos2.1;
			};
			name = Debug;
		};
		C01FCF5008A954540054247B /* Release */ = {
			isa = XCBuildConfiguration;
			buildSettings = {
				ARCHS = "$(ARCHS_STANDARD_32_BIT)";
				"CODE_SIGN_IDENTITY[sdk=iphoneos*]" = "iPhone Developer";
				GCC_C_LANGUAGE_STANDARD = c99;
				GCC_WARN_ABOUT_RETURN_TYPE = YES;
				GCC_WARN_UNUSED_VARIABLE = YES;
				PREBINDING = NO;
				SDKROOT = iphoneos2.1;
			};
			name = Release;
		};
/* End XCBuildConfiguration section */

/* Begin XCConfigurationList section */
		1D6058960D05DD3E006BFB54 /* Build configuration list for PBXNativeTarget "EvO_Lite" */ = {
			isa = XCConfigurationList;
			buildConfigurations = (
				1D6058940D05DD3E006BFB54 /* Debug */,
				1D6058950D05DD3E006BFB54 /* Release */,
				BE031BD10ECDF9B700C00757 /* DistributionApple */,
				95D6E50D0EC93DC300A963D3 /* Distribution */,
			);
			defaultConfigurationIsVisible = 0;
			defaultConfigurationName = Release;
		};
		C01FCF4E08A954540054247B /* Build configuration list for PBXProject "EvO" */ = {
			isa = XCConfigurationList;
			buildConfigurations = (
				C01FCF4F08A954540054247B /* Debug */,
				C01FCF5008A954540054247B /* Release */,
				BE031BD00ECDF9B700C00757 /* DistributionApple */,
				95D6E50C0EC93DC300A963D3 /* Distribution */,
			);
			defaultConfigurationIsVisible = 0;
			defaultConfigurationName = Release;
		};
/* End XCConfigurationList section */
	};
	rootObject = 29B97313FDCFA39411CA2CEA /* Project object */;
}
